
Microsoft Visual Studio Solution File, Format Version 12.00
# Visual Studio 15
VisualStudioVersion = 15.0.26124.0
MinimumVisualStudioVersion = 15.0.26124.0
Project("{FAE04EC0-301F-11D3-BF4B-00C04F79EFBC}") = "ProEventos.Application", "ProEventos.Application\ProEventos.Application.csproj", "{1D14EF3E-05B2-4751-B611-1E19FB55A970}"
EndProject
Project("{FAE04EC0-301F-11D3-BF4B-00C04F79EFBC}") = "ProEventos.Domain", "ProEventos.Domain\ProEventos.Domain.csproj", "{414C43BC-96D5-4B10-BA45-249BCA6CD807}"
EndProject
Project("{FAE04EC0-301F-11D3-BF4B-00C04F79EFBC}") = "ProEventos.API", "ProEventos.API\ProEventos.API.csproj", "{47C2D9F0-3D8E-4227-AB91-B1F619718194}"
EndProject
Project("{FAE04EC0-301F-11D3-BF4B-00C04F79EFBC}") = "ProEventos.Persistence", "ProEventos.Persistence\ProEventos.Persistence.csproj", "{AE29BFFF-100F-4E96-8400-0EBFE26C93D2}"
EndProject
Global
	GlobalSection(SolutionConfigurationPlatforms) = preSolution
		Debug|Any CPU = Debug|Any CPU
		Debug|x64 = Debug|x64
		Debug|x86 = Debug|x86
		Release|Any CPU = Release|Any CPU
		Release|x64 = Release|x64
		Release|x86 = Release|x86
	EndGlobalSection
	GlobalSection(SolutionProperties) = preSolution
		HideSolutionNode = FALSE
	EndGlobalSection
	GlobalSection(ProjectConfigurationPlatforms) = postSolution
		{1D14EF3E-05B2-4751-B611-1E19FB55A970}.Debug|Any CPU.ActiveCfg = Debug|Any CPU
		{1D14EF3E-05B2-4751-B611-1E19FB55A970}.Debug|Any CPU.Build.0 = Debug|Any CPU
		{1D14EF3E-05B2-4751-B611-1E19FB55A970}.Debug|x64.ActiveCfg = Debug|Any CPU
		{1D14EF3E-05B2-4751-B611-1E19FB55A970}.Debug|x64.Build.0 = Debug|Any CPU
		{1D14EF3E-05B2-4751-B611-1E19FB55A970}.Debug|x86.ActiveCfg = Debug|Any CPU
		{1D14EF3E-05B2-4751-B611-1E19FB55A970}.Debug|x86.Build.0 = Debug|Any CPU
		{1D14EF3E-05B2-4751-B611-1E19FB55A970}.Release|Any CPU.ActiveCfg = Release|Any CPU
		{1D14EF3E-05B2-4751-B611-1E19FB55A970}.Release|Any CPU.Build.0 = Release|Any CPU
		{1D14EF3E-05B2-4751-B611-1E19FB55A970}.Release|x64.ActiveCfg = Release|Any CPU
		{1D14EF3E-05B2-4751-B611-1E19FB55A970}.Release|x64.Build.0 = Release|Any CPU
		{1D14EF3E-05B2-4751-B611-1E19FB55A970}.Release|x86.ActiveCfg = Release|Any CPU
		{1D14EF3E-05B2-4751-B611-1E19FB55A970}.Release|x86.Build.0 = Release|Any CPU
		{414C43BC-96D5-4B10-BA45-249BCA6CD807}.Debug|Any CPU.ActiveCfg = Debug|Any CPU
		{414C43BC-96D5-4B10-BA45-249BCA6CD807}.Debug|Any CPU.Build.0 = Debug|Any CPU
		{414C43BC-96D5-4B10-BA45-249BCA6CD807}.Debug|x64.ActiveCfg = Debug|Any CPU
		{414C43BC-96D5-4B10-BA45-249BCA6CD807}.Debug|x64.Build.0 = Debug|Any CPU
		{414C43BC-96D5-4B10-BA45-249BCA6CD807}.Debug|x86.ActiveCfg = Debug|Any CPU
		{414C43BC-96D5-4B10-BA45-249BCA6CD807}.Debug|x86.Build.0 = Debug|Any CPU
		{414C43BC-96D5-4B10-BA45-249BCA6CD807}.Release|Any CPU.ActiveCfg = Release|Any CPU
		{414C43BC-96D5-4B10-BA45-249BCA6CD807}.Release|Any CPU.Build.0 = Release|Any CPU
		{414C43BC-96D5-4B10-BA45-249BCA6CD807}.Release|x64.ActiveCfg = Release|Any CPU
		{414C43BC-96D5-4B10-BA45-249BCA6CD807}.Release|x64.Build.0 = Release|Any CPU
		{414C43BC-96D5-4B10-BA45-249BCA6CD807}.Release|x86.ActiveCfg = Release|Any CPU
		{414C43BC-96D5-4B10-BA45-249BCA6CD807}.Release|x86.Build.0 = Release|Any CPU
		{47C2D9F0-3D8E-4227-AB91-B1F619718194}.Debug|Any CPU.ActiveCfg = Debug|Any CPU
		{47C2D9F0-3D8E-4227-AB91-B1F619718194}.Debug|Any CPU.Build.0 = Debug|Any CPU
		{47C2D9F0-3D8E-4227-AB91-B1F619718194}.Debug|x64.ActiveCfg = Debug|Any CPU
		{47C2D9F0-3D8E-4227-AB91-B1F619718194}.Debug|x64.Build.0 = Debug|Any CPU
		{47C2D9F0-3D8E-4227-AB91-B1F619718194}.Debug|x86.ActiveCfg = Debug|Any CPU
		{47C2D9F0-3D8E-4227-AB91-B1F619718194}.Debug|x86.Build.0 = Debug|Any CPU
		{47C2D9F0-3D8E-4227-AB91-B1F619718194}.Release|Any CPU.ActiveCfg = Release|Any CPU
		{47C2D9F0-3D8E-4227-AB91-B1F619718194}.Release|Any CPU.Build.0 = Release|Any CPU
		{47C2D9F0-3D8E-4227-AB91-B1F619718194}.Release|x64.ActiveCfg = Release|Any CPU
		{47C2D9F0-3D8E-4227-AB91-B1F619718194}.Release|x64.Build.0 = Release|Any CPU
		{47C2D9F0-3D8E-4227-AB91-B1F619718194}.Release|x86.ActiveCfg = Release|Any CPU
		{47C2D9F0-3D8E-4227-AB91-B1F619718194}.Release|x86.Build.0 = Release|Any CPU
		{AE29BFFF-100F-4E96-8400-0EBFE26C93D2}.Debug|Any CPU.ActiveCfg = Debug|Any CPU
		{AE29BFFF-100F-4E96-8400-0EBFE26C93D2}.Debug|Any CPU.Build.0 = Debug|Any CPU
		{AE29BFFF-100F-4E96-8400-0EBFE26C93D2}.Debug|x64.ActiveCfg = Debug|Any CPU
		{AE29BFFF-100F-4E96-8400-0EBFE26C93D2}.Debug|x64.Build.0 = Debug|Any CPU
		{AE29BFFF-100F-4E96-8400-0EBFE26C93D2}.Debug|x86.ActiveCfg = Debug|Any CPU
		{AE29BFFF-100F-4E96-8400-0EBFE26C93D2}.Debug|x86.Build.0 = Debug|Any CPU
		{AE29BFFF-100F-4E96-8400-0EBFE26C93D2}.Release|Any CPU.ActiveCfg = Release|Any CPU
		{AE29BFFF-100F-4E96-8400-0EBFE26C93D2}.Release|Any CPU.Build.0 = Release|Any CPU
		{AE29BFFF-100F-4E96-8400-0EBFE26C93D2}.Release|x64.ActiveCfg = Release|Any CPU
		{AE29BFFF-100F-4E96-8400-0EBFE26C93D2}.Release|x64.Build.0 = Release|Any CPU
		{AE29BFFF-100F-4E96-8400-0EBFE26C93D2}.Release|x86.ActiveCfg = Release|Any CPU
		{AE29BFFF-100F-4E96-8400-0EBFE26C93D2}.Release|x86.Build.0 = Release|Any CPU
	EndGlobalSection
EndGlobal
